<?xml version="1.0" encoding="utf-8"?>
<Project ToolsVersion="4.0" xmlns="http://schemas.microsoft.com/developer/msbuild/2003">
  <ItemGroup>
    <Filter Include="Quelldateien">
      <UniqueIdentifier>{4FC737F1-C7A5-4376-A066-2A32D752A2FF}</UniqueIdentifier>
      <Extensions>cpp;c;cc;cxx;c++;cppm;ixx;def;odl;idl;hpj;bat;asm;asmx</Extensions>
    </Filter>
    <Filter Include="Headerdateien">
      <UniqueIdentifier>{93995380-89BD-4b04-88EB-625FBE52EBFB}</UniqueIdentifier>
      <Extensions>h;hh;hpp;hxx;h++;hm;inl;inc;ipp;xsd</Extensions>
    </Filter>
    <Filter Include="Ressourcendateien">
      <UniqueIdentifier>{67DA6AB6-F800-4c08-8B7A-83BB121AAD01}</UniqueIdentifier>
      <Extensions>rc;ico;cur;bmp;dlg;rc2;rct;bin;rgs;gif;jpg;jpeg;jpe;resx;tiff;tif;png;wav;mfcribbon-ms</Extensions>
    </Filter>
  </ItemGroup>
  <ItemGroup>
    <ClInclude Include="src\Bula_bot_parts.h">
      <Filter>Headerdateien</Filter>
    </ClInclude>
    <ClInclude Include="src\Bula_opengl.h">
      <Filter>Headerdateien</Filter>
    </ClInclude>
  </ItemGroup>
  <ItemGroup>
    <ClCompile Include="src\Bula_bot_scene.cpp">
      <Filter>Quelldateien</Filter>
    </ClCompile>
  </ItemGroup>
  <ItemGroup>
    <Image Include="res\textures\Base.PNG">
      <Filter>Ressourcendateien</Filter>
    </Image>
    <Image Include="res\textures\BaseB.PNG">
      <Filter>Ressourcendateien</Filter>
    </Image>
    <Image Include="res\textures\BaseLid.PNG">
      <Filter>Ressourcendateien</Filter>
    </Image>
    <Image Include="res\textures\BaseLidB.PNG">
      <Filter>Ressourcendateien</Filter>
    </Image>
    <Image Include="res\textures\Car.PNG">
      <Filter>Ressourcendateien</Filter>
    </Image>
    <Image Include="res\textures\CarB.PNG">
      <Filter>Ressourcendateien</Filter>
    </Image>
    <Image Include="res\textures\Chassi.PNG">
      <Filter>Ressourcendateien</Filter>
    </Image>
    <Image Include="res\textures\ChassiB.PNG">
      <Filter>Ressourcendateien</Filter>
    </Image>
    <Image Include="res\textures\Cherno.png">
      <Filter>Ressourcendateien</Filter>
    </Image>
    <Image Include="res\textures\cube.png">
      <Filter>Ressourcendateien</Filter>
    </Image>
    <Image Include="res\textures\cubea.PNG">
      <Filter>Ressourcendateien</Filter>
    </Image>
    <Image Include="res\textures\cubeB.PNG">
      <Filter>Ressourcendateien</Filter>
    </Image>
    <Image Include="res\textures\CubeLines.PNG">
      <Filter>Ressourcendateien</Filter>
    </Image>
    <Image Include="res\textures\cubeoneA.png">
      <Filter>Ressourcendateien</Filter>
    </Image>
    <Image Include="res\textures\GripClosed.PNG">
      <Filter>Ressourcendateien</Filter>
    </Image>
    <Image Include="res\textures\GripClosedB.PNG">
      <Filter>Ressourcendateien</Filter>
    </Image>
    <Image Include="res\textures\GripOpened.PNG">
      <Filter>Ressourcendateien</Filter>
    </Image>
    <Image Include="res\textures\GripOpenedB.PNG">
      <Filter>Ressourcendateien</Filter>
    </Image>
    <Image Include="res\textures\LinkCommom.PNG">
      <Filter>Ressourcendateien</Filter>
    </Image>
    <Image Include="res\textures\LinkCommomB.PNG">
      <Filter>Ressourcendateien</Filter>
    </Image>
    <Image Include="res\textures\LinkM1.PNG">
      <Filter>Ressourcendateien</Filter>
    </Image>
    <Image Include="res\textures\LinkM1B.PNG">
      <Filter>Ressourcendateien</Filter>
    </Image>
    <Image Include="res\textures\LinkM2.PNG">
      <Filter>Ressourcendateien</Filter>
    </Image>
    <Image Include="res\textures\LinkM2B.PNG">
      <Filter>Ressourcendateien</Filter>
    </Image>
    <Image Include="res\textures\LinkThreePoints.PNG">
      <Filter>Ressourcendateien</Filter>
    </Image>
    <Image Include="res\textures\LinkThreePointsB.PNG">
      <Filter>Ressourcendateien</Filter>
    </Image>
    <Image Include="res\textures\LinkThreePointsD.PNG">
      <Filter>Ressourcendateien</Filter>
    </Image>
    <Image Include="res\textures\LinkThreePointsD2.PNG">
      <Filter>Ressourcendateien</Filter>
    </Image>
    <Image Include="res\textures\LinkThreePointsDimensionsD.PNG">
      <Filter>Ressourcendateien</Filter>
    </Image>
    <Image Include="res\textures\LongLink.PNG">
      <Filter>Ressourcendateien</Filter>
    </Image>
    <Image Include="res\textures\LongLinkB.PNG">
      <Filter>Ressourcendateien</Filter>
    </Image>
    <Image Include="res\textures\Point.PNG">
      <Filter>Ressourcendateien</Filter>
    </Image>
    <Image Include="res\textures\ServoHolder.PNG">
      <Filter>Ressourcendateien</Filter>
    </Image>
    <Image Include="res\textures\ServoHolderB.PNG">
      <Filter>Ressourcendateien</Filter>
    </Image>
    <Image Include="res\textures\Wheel.PNG">
      <Filter>Ressourcendateien</Filter>
    </Image>
  </ItemGroup>
  <ItemGroup>
    <None Include="res\textures\OpenedGrip.x_t" />
    <None Include="res\shaders\Basic.shader" />
  </ItemGroup>
</Project>